
Microsoft Visual Studio Solution File, Format Version 12.00
# Visual Studio 14
VisualStudioVersion = 14.0.23107.0
MinimumVisualStudioVersion = 10.0.40219.1
Project("{FAE04EC0-301F-11D3-BF4B-00C04F79EFBC}") = "MTP.Core", "MTP.Core\MTP.Core.csproj", "{1B1C09A8-074E-44C9-BB05-5F662C49AB0F}"
EndProject
Project("{FAE04EC0-301F-11D3-BF4B-00C04F79EFBC}") = "MTP.BlinkyApp", "MTP.BlinkyApp\MTP.BlinkyApp.csproj", "{EA273831-8221-4C07-9718-491BB405E3E4}"
EndProject
Project("{00D1A9C2-B5F0-4AF3-8072-F6C62B433612}") = "MTP.TelemetryDatabase", "MTP.TelemetryDatabase\MTP.TelemetryDatabase.sqlproj", "{9BAA8443-13E7-402F-8A7D-23985964DF32}"
EndProject
Project("{FAE04EC0-301F-11D3-BF4B-00C04F79EFBC}") = "MTP.IoT", "MTP.IoT\MTP.IoT.csproj", "{72814B2D-4E22-4101-A232-888C66513229}"
EndProject
Project("{FAE04EC0-301F-11D3-BF4B-00C04F79EFBC}") = "MTP.PGKitSensorsApp", "MTP.PGKitSensorsApp\MTP.PGKitSensorsApp.csproj", "{823A12A9-2613-4FF0-A87E-83E765C58D6B}"
EndProject
Global
	GlobalSection(SolutionConfigurationPlatforms) = preSolution
		Debug|Any CPU = Debug|Any CPU
		Debug|ARM = Debug|ARM
		Debug|x64 = Debug|x64
		Debug|x86 = Debug|x86
		Release|Any CPU = Release|Any CPU
		Release|ARM = Release|ARM
		Release|x64 = Release|x64
		Release|x86 = Release|x86
	EndGlobalSection
	GlobalSection(ProjectConfigurationPlatforms) = postSolution
		{1B1C09A8-074E-44C9-BB05-5F662C49AB0F}.Debug|Any CPU.ActiveCfg = Debug|Any CPU
		{1B1C09A8-074E-44C9-BB05-5F662C49AB0F}.Debug|Any CPU.Build.0 = Debug|Any CPU
		{1B1C09A8-074E-44C9-BB05-5F662C49AB0F}.Debug|ARM.ActiveCfg = Debug|Any CPU
		{1B1C09A8-074E-44C9-BB05-5F662C49AB0F}.Debug|ARM.Build.0 = Debug|Any CPU
		{1B1C09A8-074E-44C9-BB05-5F662C49AB0F}.Debug|x64.ActiveCfg = Debug|Any CPU
		{1B1C09A8-074E-44C9-BB05-5F662C49AB0F}.Debug|x64.Build.0 = Debug|Any CPU
		{1B1C09A8-074E-44C9-BB05-5F662C49AB0F}.Debug|x86.ActiveCfg = Debug|Any CPU
		{1B1C09A8-074E-44C9-BB05-5F662C49AB0F}.Debug|x86.Build.0 = Debug|Any CPU
		{1B1C09A8-074E-44C9-BB05-5F662C49AB0F}.Release|Any CPU.ActiveCfg = Release|Any CPU
		{1B1C09A8-074E-44C9-BB05-5F662C49AB0F}.Release|Any CPU.Build.0 = Release|Any CPU
		{1B1C09A8-074E-44C9-BB05-5F662C49AB0F}.Release|ARM.ActiveCfg = Release|Any CPU
		{1B1C09A8-074E-44C9-BB05-5F662C49AB0F}.Release|ARM.Build.0 = Release|Any CPU
		{1B1C09A8-074E-44C9-BB05-5F662C49AB0F}.Release|x64.ActiveCfg = Release|Any CPU
		{1B1C09A8-074E-44C9-BB05-5F662C49AB0F}.Release|x64.Build.0 = Release|Any CPU
		{1B1C09A8-074E-44C9-BB05-5F662C49AB0F}.Release|x86.ActiveCfg = Release|Any CPU
		{1B1C09A8-074E-44C9-BB05-5F662C49AB0F}.Release|x86.Build.0 = Release|Any CPU
		{EA273831-8221-4C07-9718-491BB405E3E4}.Debug|Any CPU.ActiveCfg = Debug|x86
		{EA273831-8221-4C07-9718-491BB405E3E4}.Debug|ARM.ActiveCfg = Debug|ARM
		{EA273831-8221-4C07-9718-491BB405E3E4}.Debug|ARM.Build.0 = Debug|ARM
		{EA273831-8221-4C07-9718-491BB405E3E4}.Debug|ARM.Deploy.0 = Debug|ARM
		{EA273831-8221-4C07-9718-491BB405E3E4}.Debug|x64.ActiveCfg = Debug|x64
		{EA273831-8221-4C07-9718-491BB405E3E4}.Debug|x64.Build.0 = Debug|x64
		{EA273831-8221-4C07-9718-491BB405E3E4}.Debug|x64.Deploy.0 = Debug|x64
		{EA273831-8221-4C07-9718-491BB405E3E4}.Debug|x86.ActiveCfg = Debug|x86
		{EA273831-8221-4C07-9718-491BB405E3E4}.Debug|x86.Build.0 = Debug|x86
		{EA273831-8221-4C07-9718-491BB405E3E4}.Debug|x86.Deploy.0 = Debug|x86
		{EA273831-8221-4C07-9718-491BB405E3E4}.Release|Any CPU.ActiveCfg = Release|x86
		{EA273831-8221-4C07-9718-491BB405E3E4}.Release|ARM.ActiveCfg = Release|ARM
		{EA273831-8221-4C07-9718-491BB405E3E4}.Release|ARM.Build.0 = Release|ARM
		{EA273831-8221-4C07-9718-491BB405E3E4}.Release|ARM.Deploy.0 = Release|ARM
		{EA273831-8221-4C07-9718-491BB405E3E4}.Release|x64.ActiveCfg = Release|x64
		{EA273831-8221-4C07-9718-491BB405E3E4}.Release|x64.Build.0 = Release|x64
		{EA273831-8221-4C07-9718-491BB405E3E4}.Release|x64.Deploy.0 = Release|x64
		{EA273831-8221-4C07-9718-491BB405E3E4}.Release|x86.ActiveCfg = Release|x86
		{EA273831-8221-4C07-9718-491BB405E3E4}.Release|x86.Build.0 = Release|x86
		{EA273831-8221-4C07-9718-491BB405E3E4}.Release|x86.Deploy.0 = Release|x86
		{9BAA8443-13E7-402F-8A7D-23985964DF32}.Debug|Any CPU.ActiveCfg = Debug|Any CPU
		{9BAA8443-13E7-402F-8A7D-23985964DF32}.Debug|Any CPU.Build.0 = Debug|Any CPU
		{9BAA8443-13E7-402F-8A7D-23985964DF32}.Debug|Any CPU.Deploy.0 = Debug|Any CPU
		{9BAA8443-13E7-402F-8A7D-23985964DF32}.Debug|ARM.ActiveCfg = Debug|Any CPU
		{9BAA8443-13E7-402F-8A7D-23985964DF32}.Debug|ARM.Build.0 = Debug|Any CPU
		{9BAA8443-13E7-402F-8A7D-23985964DF32}.Debug|ARM.Deploy.0 = Debug|Any CPU
		{9BAA8443-13E7-402F-8A7D-23985964DF32}.Debug|x64.ActiveCfg = Debug|Any CPU
		{9BAA8443-13E7-402F-8A7D-23985964DF32}.Debug|x64.Build.0 = Debug|Any CPU
		{9BAA8443-13E7-402F-8A7D-23985964DF32}.Debug|x64.Deploy.0 = Debug|Any CPU
		{9BAA8443-13E7-402F-8A7D-23985964DF32}.Debug|x86.ActiveCfg = Debug|Any CPU
		{9BAA8443-13E7-402F-8A7D-23985964DF32}.Debug|x86.Build.0 = Debug|Any CPU
		{9BAA8443-13E7-402F-8A7D-23985964DF32}.Debug|x86.Deploy.0 = Debug|Any CPU
		{9BAA8443-13E7-402F-8A7D-23985964DF32}.Release|Any CPU.ActiveCfg = Release|Any CPU
		{9BAA8443-13E7-402F-8A7D-23985964DF32}.Release|Any CPU.Build.0 = Release|Any CPU
		{9BAA8443-13E7-402F-8A7D-23985964DF32}.Release|Any CPU.Deploy.0 = Release|Any CPU
		{9BAA8443-13E7-402F-8A7D-23985964DF32}.Release|ARM.ActiveCfg = Release|Any CPU
		{9BAA8443-13E7-402F-8A7D-23985964DF32}.Release|ARM.Build.0 = Release|Any CPU
		{9BAA8443-13E7-402F-8A7D-23985964DF32}.Release|ARM.Deploy.0 = Release|Any CPU
		{9BAA8443-13E7-402F-8A7D-23985964DF32}.Release|x64.ActiveCfg = Release|Any CPU
		{9BAA8443-13E7-402F-8A7D-23985964DF32}.Release|x64.Build.0 = Release|Any CPU
		{9BAA8443-13E7-402F-8A7D-23985964DF32}.Release|x64.Deploy.0 = Release|Any CPU
		{9BAA8443-13E7-402F-8A7D-23985964DF32}.Release|x86.ActiveCfg = Release|Any CPU
		{9BAA8443-13E7-402F-8A7D-23985964DF32}.Release|x86.Build.0 = Release|Any CPU
		{9BAA8443-13E7-402F-8A7D-23985964DF32}.Release|x86.Deploy.0 = Release|Any CPU
		{72814B2D-4E22-4101-A232-888C66513229}.Debug|Any CPU.ActiveCfg = Debug|Any CPU
		{72814B2D-4E22-4101-A232-888C66513229}.Debug|Any CPU.Build.0 = Debug|Any CPU
		{72814B2D-4E22-4101-A232-888C66513229}.Debug|ARM.ActiveCfg = Debug|ARM
		{72814B2D-4E22-4101-A232-888C66513229}.Debug|ARM.Build.0 = Debug|ARM
		{72814B2D-4E22-4101-A232-888C66513229}.Debug|x64.ActiveCfg = Debug|x64
		{72814B2D-4E22-4101-A232-888C66513229}.Debug|x64.Build.0 = Debug|x64
		{72814B2D-4E22-4101-A232-888C66513229}.Debug|x86.ActiveCfg = Debug|x86
		{72814B2D-4E22-4101-A232-888C66513229}.Debug|x86.Build.0 = Debug|x86
		{72814B2D-4E22-4101-A232-888C66513229}.Release|Any CPU.ActiveCfg = Release|Any CPU
		{72814B2D-4E22-4101-A232-888C66513229}.Release|Any CPU.Build.0 = Release|Any CPU
		{72814B2D-4E22-4101-A232-888C66513229}.Release|ARM.ActiveCfg = Release|ARM
		{72814B2D-4E22-4101-A232-888C66513229}.Release|ARM.Build.0 = Release|ARM
		{72814B2D-4E22-4101-A232-888C66513229}.Release|x64.ActiveCfg = Release|x64
		{72814B2D-4E22-4101-A232-888C66513229}.Release|x64.Build.0 = Release|x64
		{72814B2D-4E22-4101-A232-888C66513229}.Release|x86.ActiveCfg = Release|x86
		{72814B2D-4E22-4101-A232-888C66513229}.Release|x86.Build.0 = Release|x86
		{823A12A9-2613-4FF0-A87E-83E765C58D6B}.Debug|Any CPU.ActiveCfg = Debug|x86
		{823A12A9-2613-4FF0-A87E-83E765C58D6B}.Debug|ARM.ActiveCfg = Debug|ARM
		{823A12A9-2613-4FF0-A87E-83E765C58D6B}.Debug|ARM.Build.0 = Debug|ARM
		{823A12A9-2613-4FF0-A87E-83E765C58D6B}.Debug|ARM.Deploy.0 = Debug|ARM
		{823A12A9-2613-4FF0-A87E-83E765C58D6B}.Debug|x64.ActiveCfg = Debug|x64
		{823A12A9-2613-4FF0-A87E-83E765C58D6B}.Debug|x64.Build.0 = Debug|x64
		{823A12A9-2613-4FF0-A87E-83E765C58D6B}.Debug|x64.Deploy.0 = Debug|x64
		{823A12A9-2613-4FF0-A87E-83E765C58D6B}.Debug|x86.ActiveCfg = Debug|x86
		{823A12A9-2613-4FF0-A87E-83E765C58D6B}.Debug|x86.Build.0 = Debug|x86
		{823A12A9-2613-4FF0-A87E-83E765C58D6B}.Debug|x86.Deploy.0 = Debug|x86
		{823A12A9-2613-4FF0-A87E-83E765C58D6B}.Release|Any CPU.ActiveCfg = Release|x86
		{823A12A9-2613-4FF0-A87E-83E765C58D6B}.Release|ARM.ActiveCfg = Release|ARM
		{823A12A9-2613-4FF0-A87E-83E765C58D6B}.Release|ARM.Build.0 = Release|ARM
		{823A12A9-2613-4FF0-A87E-83E765C58D6B}.Release|ARM.Deploy.0 = Release|ARM
		{823A12A9-2613-4FF0-A87E-83E765C58D6B}.Release|x64.ActiveCfg = Release|x64
		{823A12A9-2613-4FF0-A87E-83E765C58D6B}.Release|x64.Build.0 = Release|x64
		{823A12A9-2613-4FF0-A87E-83E765C58D6B}.Release|x64.Deploy.0 = Release|x64
		{823A12A9-2613-4FF0-A87E-83E765C58D6B}.Release|x86.ActiveCfg = Release|x86
		{823A12A9-2613-4FF0-A87E-83E765C58D6B}.Release|x86.Build.0 = Release|x86
		{823A12A9-2613-4FF0-A87E-83E765C58D6B}.Release|x86.Deploy.0 = Release|x86
	EndGlobalSection
	GlobalSection(SolutionProperties) = preSolution
		HideSolutionNode = FALSE
	EndGlobalSection
EndGlobal
